// !$*UTF8*$!
{
	archiveVersion = 1;
	classes = {
	};
	objectVersion = 50;
	objects = {

/* Begin PBXBuildFile section */
		1E36D48D227198D200C4C180 /* LocationsMarkerView.swift in Sources */ = {isa = PBXBuildFile; fileRef = 1E36D48C227198D200C4C180 /* LocationsMarkerView.swift */; };
		1E36D48F2271994D00C4C180 /* Locations.swift in Sources */ = {isa = PBXBuildFile; fileRef = 1E36D48E2271994D00C4C180 /* Locations.swift */; };
		4617F98A2272EDF5000313C4 /* SearchCell.swift in Sources */ = {isa = PBXBuildFile; fileRef = 4617F9892272EDF5000313C4 /* SearchCell.swift */; };
		4618CC582271B743008DC86B /* CoreLocation.framework in Frameworks */ = {isa = PBXBuildFile; fileRef = 4618CC572271B743008DC86B /* CoreLocation.framework */; };
		46665B122271ED4D00AB4914 /* MapData.swift in Sources */ = {isa = PBXBuildFile; fileRef = 46665B112271ED4D00AB4914 /* MapData.swift */; };
		46665B152271EF0F00AB4914 /* FoodData.swift in Sources */ = {isa = PBXBuildFile; fileRef = 46665B142271EF0F00AB4914 /* FoodData.swift */; };
		469FFD442274B331004276B8 /* Search2ViewController.swift in Sources */ = {isa = PBXBuildFile; fileRef = 469FFD432274B331004276B8 /* Search2ViewController.swift */; };
		469FFD462274B7B7004276B8 /* Search2TableViewCell.swift in Sources */ = {isa = PBXBuildFile; fileRef = 469FFD452274B7B7004276B8 /* Search2TableViewCell.swift */; };
		924CB60B2272BEBA00B776E1 /* Food.swift in Sources */ = {isa = PBXBuildFile; fileRef = 924CB60A2272BEBA00B776E1 /* Food.swift */; };
		924CB60D2272BED000B776E1 /* Restaurant.swift in Sources */ = {isa = PBXBuildFile; fileRef = 924CB60C2272BED000B776E1 /* Restaurant.swift */; };
		924CB60F2272BEF900B776E1 /* Zone.swift in Sources */ = {isa = PBXBuildFile; fileRef = 924CB60E2272BEF900B776E1 /* Zone.swift */; };
		924CB6112272C11500B776E1 /* ZoneData.swift in Sources */ = {isa = PBXBuildFile; fileRef = 924CB6102272C11500B776E1 /* ZoneData.swift */; };
		924CB6132272C15700B776E1 /* RestaurantData.swift in Sources */ = {isa = PBXBuildFile; fileRef = 924CB6122272C15700B776E1 /* RestaurantData.swift */; };
		924CB617227324E600B776E1 /* Session.swift in Sources */ = {isa = PBXBuildFile; fileRef = 924CB616227324E600B776E1 /* Session.swift */; };
		927B6805227159B400382C6E /* AppDelegate.swift in Sources */ = {isa = PBXBuildFile; fileRef = 927B6804227159B400382C6E /* AppDelegate.swift */; };
		927B680A227159B400382C6E /* Main.storyboard in Resources */ = {isa = PBXBuildFile; fileRef = 927B6808227159B400382C6E /* Main.storyboard */; };
		927B680C227159B600382C6E /* Assets.xcassets in Resources */ = {isa = PBXBuildFile; fileRef = 927B680B227159B600382C6E /* Assets.xcassets */; };
		927B680F227159B600382C6E /* LaunchScreen.storyboard in Resources */ = {isa = PBXBuildFile; fileRef = 927B680D227159B600382C6E /* LaunchScreen.storyboard */; };
		927B683322715F7E00382C6E /* TodayViewController.swift in Sources */ = {isa = PBXBuildFile; fileRef = 927B683222715F7E00382C6E /* TodayViewController.swift */; };
		927B683522715F8700382C6E /* SearchViewController.swift in Sources */ = {isa = PBXBuildFile; fileRef = 927B683422715F8700382C6E /* SearchViewController.swift */; };
		927B683722715F8C00382C6E /* MapViewController.swift in Sources */ = {isa = PBXBuildFile; fileRef = 927B683622715F8C00382C6E /* MapViewController.swift */; };
		927B6839227169F700382C6E /* TableViewController.swift in Sources */ = {isa = PBXBuildFile; fileRef = 927B6838227169F700382C6E /* TableViewController.swift */; };
		927B683D22717A6100382C6E /* FoodDetailViewController.swift in Sources */ = {isa = PBXBuildFile; fileRef = 927B683C22717A6100382C6E /* FoodDetailViewController.swift */; };
/* End PBXBuildFile section */

/* Begin PBXContainerItemProxy section */
		927B6816227159B600382C6E /* PBXContainerItemProxy */ = {
			isa = PBXContainerItemProxy;
			containerPortal = 927B67F9227159B400382C6E /* Project object */;
			proxyType = 1;
			remoteGlobalIDString = 927B6800227159B400382C6E;
			remoteInfo = Budgeat;
		};
		927B6821227159B600382C6E /* PBXContainerItemProxy */ = {
			isa = PBXContainerItemProxy;
			containerPortal = 927B67F9227159B400382C6E /* Project object */;
			proxyType = 1;
			remoteGlobalIDString = 927B6800227159B400382C6E;
			remoteInfo = Budgeat;
		};
/* End PBXContainerItemProxy section */

/* Begin PBXFileReference section */
		1E36D48C227198D200C4C180 /* LocationsMarkerView.swift */ = {isa = PBXFileReference; lastKnownFileType = sourcecode.swift; path = LocationsMarkerView.swift; sourceTree = "<group>"; };
		1E36D48E2271994D00C4C180 /* Locations.swift */ = {isa = PBXFileReference; lastKnownFileType = sourcecode.swift; path = Locations.swift; sourceTree = "<group>"; };
		4617F9892272EDF5000313C4 /* SearchCell.swift */ = {isa = PBXFileReference; lastKnownFileType = sourcecode.swift; path = SearchCell.swift; sourceTree = "<group>"; };
		4618CC572271B743008DC86B /* CoreLocation.framework */ = {isa = PBXFileReference; lastKnownFileType = wrapper.framework; name = CoreLocation.framework; path = System/Library/Frameworks/CoreLocation.framework; sourceTree = SDKROOT; };
		46665B112271ED4D00AB4914 /* MapData.swift */ = {isa = PBXFileReference; lastKnownFileType = sourcecode.swift; path = MapData.swift; sourceTree = "<group>"; };
		46665B142271EF0F00AB4914 /* FoodData.swift */ = {isa = PBXFileReference; lastKnownFileType = sourcecode.swift; path = FoodData.swift; sourceTree = "<group>"; };
		469FFD432274B331004276B8 /* Search2ViewController.swift */ = {isa = PBXFileReference; lastKnownFileType = sourcecode.swift; path = Search2ViewController.swift; sourceTree = "<group>"; };
		469FFD452274B7B7004276B8 /* Search2TableViewCell.swift */ = {isa = PBXFileReference; lastKnownFileType = sourcecode.swift; path = Search2TableViewCell.swift; sourceTree = "<group>"; };
		924CB60A2272BEBA00B776E1 /* Food.swift */ = {isa = PBXFileReference; lastKnownFileType = sourcecode.swift; path = Food.swift; sourceTree = "<group>"; };
		924CB60C2272BED000B776E1 /* Restaurant.swift */ = {isa = PBXFileReference; lastKnownFileType = sourcecode.swift; path = Restaurant.swift; sourceTree = "<group>"; };
		924CB60E2272BEF900B776E1 /* Zone.swift */ = {isa = PBXFileReference; lastKnownFileType = sourcecode.swift; path = Zone.swift; sourceTree = "<group>"; };
		924CB6102272C11500B776E1 /* ZoneData.swift */ = {isa = PBXFileReference; lastKnownFileType = sourcecode.swift; path = ZoneData.swift; sourceTree = "<group>"; };
		924CB6122272C15700B776E1 /* RestaurantData.swift */ = {isa = PBXFileReference; lastKnownFileType = sourcecode.swift; path = RestaurantData.swift; sourceTree = "<group>"; };
		924CB616227324E600B776E1 /* Session.swift */ = {isa = PBXFileReference; lastKnownFileType = sourcecode.swift; path = Session.swift; sourceTree = "<group>"; };
		927B6801227159B400382C6E /* Budgeat.app */ = {isa = PBXFileReference; explicitFileType = wrapper.application; includeInIndex = 0; path = Budgeat.app; sourceTree = BUILT_PRODUCTS_DIR; };
		927B6804227159B400382C6E /* AppDelegate.swift */ = {isa = PBXFileReference; lastKnownFileType = sourcecode.swift; path = AppDelegate.swift; sourceTree = "<group>"; };
		927B6809227159B400382C6E /* Base */ = {isa = PBXFileReference; lastKnownFileType = file.storyboard; name = Base; path = Base.lproj/Main.storyboard; sourceTree = "<group>"; };
		927B680B227159B600382C6E /* Assets.xcassets */ = {isa = PBXFileReference; lastKnownFileType = folder.assetcatalog; path = Assets.xcassets; sourceTree = "<group>"; };
		927B680E227159B600382C6E /* Base */ = {isa = PBXFileReference; lastKnownFileType = file.storyboard; name = Base; path = Base.lproj/LaunchScreen.storyboard; sourceTree = "<group>"; };
		927B6810227159B600382C6E /* Info.plist */ = {isa = PBXFileReference; lastKnownFileType = text.plist.xml; path = Info.plist; sourceTree = "<group>"; };
		927B6815227159B600382C6E /* BudgeatTests.xctest */ = {isa = PBXFileReference; explicitFileType = wrapper.cfbundle; includeInIndex = 0; path = BudgeatTests.xctest; sourceTree = BUILT_PRODUCTS_DIR; };
		927B6820227159B600382C6E /* BudgeatUITests.xctest */ = {isa = PBXFileReference; explicitFileType = wrapper.cfbundle; includeInIndex = 0; path = BudgeatUITests.xctest; sourceTree = BUILT_PRODUCTS_DIR; };
		927B683222715F7E00382C6E /* TodayViewController.swift */ = {isa = PBXFileReference; lastKnownFileType = sourcecode.swift; path = TodayViewController.swift; sourceTree = "<group>"; };
		927B683422715F8700382C6E /* SearchViewController.swift */ = {isa = PBXFileReference; lastKnownFileType = sourcecode.swift; path = SearchViewController.swift; sourceTree = "<group>"; };
		927B683622715F8C00382C6E /* MapViewController.swift */ = {isa = PBXFileReference; lastKnownFileType = sourcecode.swift; path = MapViewController.swift; sourceTree = "<group>"; };
		927B6838227169F700382C6E /* TableViewController.swift */ = {isa = PBXFileReference; lastKnownFileType = sourcecode.swift; path = TableViewController.swift; sourceTree = "<group>"; };
		927B683C22717A6100382C6E /* FoodDetailViewController.swift */ = {isa = PBXFileReference; lastKnownFileType = sourcecode.swift; path = FoodDetailViewController.swift; sourceTree = "<group>"; };
/* End PBXFileReference section */

/* Begin PBXFrameworksBuildPhase section */
		927B67FE227159B400382C6E /* Frameworks */ = {
			isa = PBXFrameworksBuildPhase;
			buildActionMask = 2147483647;
			files = (
				4618CC582271B743008DC86B /* CoreLocation.framework in Frameworks */,
			);
			runOnlyForDeploymentPostprocessing = 0;
		};
		927B6812227159B600382C6E /* Frameworks */ = {
			isa = PBXFrameworksBuildPhase;
			buildActionMask = 2147483647;
			files = (
			);
			runOnlyForDeploymentPostprocessing = 0;
		};
		927B681D227159B600382C6E /* Frameworks */ = {
			isa = PBXFrameworksBuildPhase;
			buildActionMask = 2147483647;
			files = (
			);
			runOnlyForDeploymentPostprocessing = 0;
		};
/* End PBXFrameworksBuildPhase section */

/* Begin PBXGroup section */
		4618CC562271B743008DC86B /* Frameworks */ = {
			isa = PBXGroup;
			children = (
				4618CC572271B743008DC86B /* CoreLocation.framework */,
			);
			name = Frameworks;
			sourceTree = "<group>";
		};
		46665B132271EED400AB4914 /* Data */ = {
			isa = PBXGroup;
			children = (
				46665B112271ED4D00AB4914 /* MapData.swift */,
				46665B142271EF0F00AB4914 /* FoodData.swift */,
				924CB6102272C11500B776E1 /* ZoneData.swift */,
				924CB6122272C15700B776E1 /* RestaurantData.swift */,
			);
			path = Data;
			sourceTree = "<group>";
		};
		924CB6072272BE8B00B776E1 /* Model */ = {
			isa = PBXGroup;
			children = (
				924CB60A2272BEBA00B776E1 /* Food.swift */,
				924CB60C2272BED000B776E1 /* Restaurant.swift */,
				924CB60E2272BEF900B776E1 /* Zone.swift */,
				1E36D48E2271994D00C4C180 /* Locations.swift */,
				924CB616227324E600B776E1 /* Session.swift */,
			);
			path = Model;
			sourceTree = "<group>";
		};
		927B67F8227159B400382C6E = {
			isa = PBXGroup;
			children = (
				927B6803227159B400382C6E /* Budgeat */,
				927B6802227159B400382C6E /* Products */,
				4618CC562271B743008DC86B /* Frameworks */,
			);
			sourceTree = "<group>";
		};
		927B6802227159B400382C6E /* Products */ = {
			isa = PBXGroup;
			children = (
				927B6801227159B400382C6E /* Budgeat.app */,
				927B6815227159B600382C6E /* BudgeatTests.xctest */,
				927B6820227159B600382C6E /* BudgeatUITests.xctest */,
			);
			name = Products;
			sourceTree = "<group>";
		};
		927B6803227159B400382C6E /* Budgeat */ = {
			isa = PBXGroup;
			children = (
				924CB6072272BE8B00B776E1 /* Model */,
				46665B132271EED400AB4914 /* Data */,
				927B6838227169F700382C6E /* TableViewController.swift */,
				927B683222715F7E00382C6E /* TodayViewController.swift */,
				927B683422715F8700382C6E /* SearchViewController.swift */,
				927B683622715F8C00382C6E /* MapViewController.swift */,
				927B6804227159B400382C6E /* AppDelegate.swift */,
				927B683C22717A6100382C6E /* FoodDetailViewController.swift */,
				927B680B227159B600382C6E /* Assets.xcassets */,
				927B6808227159B400382C6E /* Main.storyboard */,
				4617F9892272EDF5000313C4 /* SearchCell.swift */,
				927B680D227159B600382C6E /* LaunchScreen.storyboard */,
				927B6810227159B600382C6E /* Info.plist */,
				1E36D48C227198D200C4C180 /* LocationsMarkerView.swift */,
				469FFD432274B331004276B8 /* Search2ViewController.swift */,
				469FFD452274B7B7004276B8 /* Search2TableViewCell.swift */,
			);
			path = Budgeat;
			sourceTree = "<group>";
		};
/* End PBXGroup section */

/* Begin PBXNativeTarget section */
		927B6800227159B400382C6E /* Budgeat */ = {
			isa = PBXNativeTarget;
			buildConfigurationList = 927B6829227159B600382C6E /* Build configuration list for PBXNativeTarget "Budgeat" */;
			buildPhases = (
				927B67FD227159B400382C6E /* Sources */,
				927B67FE227159B400382C6E /* Frameworks */,
				927B67FF227159B400382C6E /* Resources */,
			);
			buildRules = (
			);
			dependencies = (
			);
			name = Budgeat;
			productName = Budgeat;
			productReference = 927B6801227159B400382C6E /* Budgeat.app */;
			productType = "com.apple.product-type.application";
		};
		927B6814227159B600382C6E /* BudgeatTests */ = {
			isa = PBXNativeTarget;
			buildConfigurationList = 927B682C227159B600382C6E /* Build configuration list for PBXNativeTarget "BudgeatTests" */;
			buildPhases = (
				927B6811227159B600382C6E /* Sources */,
				927B6812227159B600382C6E /* Frameworks */,
				927B6813227159B600382C6E /* Resources */,
			);
			buildRules = (
			);
			dependencies = (
				927B6817227159B600382C6E /* PBXTargetDependency */,
			);
			name = BudgeatTests;
			productName = BudgeatTests;
			productReference = 927B6815227159B600382C6E /* BudgeatTests.xctest */;
			productType = "com.apple.product-type.bundle.unit-test";
		};
		927B681F227159B600382C6E /* BudgeatUITests */ = {
			isa = PBXNativeTarget;
			buildConfigurationList = 927B682F227159B600382C6E /* Build configuration list for PBXNativeTarget "BudgeatUITests" */;
			buildPhases = (
				927B681C227159B600382C6E /* Sources */,
				927B681D227159B600382C6E /* Frameworks */,
				927B681E227159B600382C6E /* Resources */,
			);
			buildRules = (
			);
			dependencies = (
				927B6822227159B600382C6E /* PBXTargetDependency */,
			);
			name = BudgeatUITests;
			productName = BudgeatUITests;
			productReference = 927B6820227159B600382C6E /* BudgeatUITests.xctest */;
			productType = "com.apple.product-type.bundle.ui-testing";
		};
/* End PBXNativeTarget section */

/* Begin PBXProject section */
		927B67F9227159B400382C6E /* Project object */ = {
			isa = PBXProject;
			attributes = {
				LastSwiftUpdateCheck = 1020;
				LastUpgradeCheck = 1020;
				ORGANIZATIONNAME = "William Inx";
				TargetAttributes = {
					927B6800227159B400382C6E = {
						CreatedOnToolsVersion = 10.2.1;
					};
					927B6814227159B600382C6E = {
						CreatedOnToolsVersion = 10.2.1;
						TestTargetID = 927B6800227159B400382C6E;
					};
					927B681F227159B600382C6E = {
						CreatedOnToolsVersion = 10.2.1;
						TestTargetID = 927B6800227159B400382C6E;
					};
				};
			};
			buildConfigurationList = 927B67FC227159B400382C6E /* Build configuration list for PBXProject "Budgeat" */;
			compatibilityVersion = "Xcode 9.3";
			developmentRegion = en;
			hasScannedForEncodings = 0;
			knownRegions = (
				en,
				Base,
			);
			mainGroup = 927B67F8227159B400382C6E;
			productRefGroup = 927B6802227159B400382C6E /* Products */;
			projectDirPath = "";
			projectRoot = "";
			targets = (
				927B6800227159B400382C6E /* Budgeat */,
				927B6814227159B600382C6E /* BudgeatTests */,
				927B681F227159B600382C6E /* BudgeatUITests */,
			);
		};
/* End PBXProject section */

/* Begin PBXResourcesBuildPhase section */
		927B67FF227159B400382C6E /* Resources */ = {
			isa = PBXResourcesBuildPhase;
			buildActionMask = 2147483647;
			files = (
				927B680F227159B600382C6E /* LaunchScreen.storyboard in Resources */,
				927B680C227159B600382C6E /* Assets.xcassets in Resources */,
				927B680A227159B400382C6E /* Main.storyboard in Resources */,
			);
			runOnlyForDeploymentPostprocessing = 0;
		};
		927B6813227159B600382C6E /* Resources */ = {
			isa = PBXResourcesBuildPhase;
			buildActionMask = 2147483647;
			files = (
			);
			runOnlyForDeploymentPostprocessing = 0;
		};
		927B681E227159B600382C6E /* Resources */ = {
			isa = PBXResourcesBuildPhase;
			buildActionMask = 2147483647;
			files = (
			);
			runOnlyForDeploymentPostprocessing = 0;
		};
/* End PBXResourcesBuildPhase section */

/* Begin PBXSourcesBuildPhase section */
		927B67FD227159B400382C6E /* Sources */ = {
			isa = PBXSourcesBuildPhase;
			buildActionMask = 2147483647;
			files = (
				924CB60B2272BEBA00B776E1 /* Food.swift in Sources */,
				924CB617227324E600B776E1 /* Session.swift in Sources */,
				4617F98A2272EDF5000313C4 /* SearchCell.swift in Sources */,
				927B683522715F8700382C6E /* SearchViewController.swift in Sources */,
				927B683322715F7E00382C6E /* TodayViewController.swift in Sources */,
				1E36D48D227198D200C4C180 /* LocationsMarkerView.swift in Sources */,
				46665B152271EF0F00AB4914 /* FoodData.swift in Sources */,
				469FFD442274B331004276B8 /* Search2ViewController.swift in Sources */,
				927B6805227159B400382C6E /* AppDelegate.swift in Sources */,
				46665B122271ED4D00AB4914 /* MapData.swift in Sources */,
				927B683D22717A6100382C6E /* FoodDetailViewController.swift in Sources */,
				924CB60D2272BED000B776E1 /* Restaurant.swift in Sources */,
				927B6839227169F700382C6E /* TableViewController.swift in Sources */,
				1E36D48F2271994D00C4C180 /* Locations.swift in Sources */,
				924CB6132272C15700B776E1 /* RestaurantData.swift in Sources */,
				469FFD462274B7B7004276B8 /* Search2TableViewCell.swift in Sources */,
				927B683722715F8C00382C6E /* MapViewController.swift in Sources */,
				924CB60F2272BEF900B776E1 /* Zone.swift in Sources */,
				924CB6112272C11500B776E1 /* ZoneData.swift in Sources */,
			);
			runOnlyForDeploymentPostprocessing = 0;
		};
		927B6811227159B600382C6E /* Sources */ = {
			isa = PBXSourcesBuildPhase;
			buildActionMask = 2147483647;
			files = (
			);
			runOnlyForDeploymentPostprocessing = 0;
		};
		927B681C227159B600382C6E /* Sources */ = {
			isa = PBXSourcesBuildPhase;
			buildActionMask = 2147483647;
			files = (
			);
			runOnlyForDeploymentPostprocessing = 0;
		};
/* End PBXSourcesBuildPhase section */

/* Begin PBXTargetDependency section */
		927B6817227159B600382C6E /* PBXTargetDependency */ = {
			isa = PBXTargetDependency;
			target = 927B6800227159B400382C6E /* Budgeat */;
			targetProxy = 927B6816227159B600382C6E /* PBXContainerItemProxy */;
		};
		927B6822227159B600382C6E /* PBXTargetDependency */ = {
			isa = PBXTargetDependency;
			target = 927B6800227159B400382C6E /* Budgeat */;
			targetProxy = 927B6821227159B600382C6E /* PBXContainerItemProxy */;
		};
/* End PBXTargetDependency section */

/* Begin PBXVariantGroup section */
		927B6808227159B400382C6E /* Main.storyboard */ = {
			isa = PBXVariantGroup;
			children = (
				927B6809227159B400382C6E /* Base */,
			);
			name = Main.storyboard;
			sourceTree = "<group>";
		};
		927B680D227159B600382C6E /* LaunchScreen.storyboard */ = {
			isa = PBXVariantGroup;
			children = (
				927B680E227159B600382C6E /* Base */,
			);
			name = LaunchScreen.storyboard;
			sourceTree = "<group>";
		};
/* End PBXVariantGroup section */

/* Begin XCBuildConfiguration section */
		927B6827227159B600382C6E /* Debug */ = {
			isa = XCBuildConfiguration;
			buildSettings = {
				ALWAYS_SEARCH_USER_PATHS = NO;
				CLANG_ANALYZER_NONNULL = YES;
				CLANG_ANALYZER_NUMBER_OBJECT_CONVERSION = YES_AGGRESSIVE;
				CLANG_CXX_LANGUAGE_STANDARD = "gnu++14";
				CLANG_CXX_LIBRARY = "libc++";
				CLANG_ENABLE_MODULES = YES;
				CLANG_ENABLE_OBJC_ARC = YES;
				CLANG_ENABLE_OBJC_WEAK = YES;
				CLANG_WARN_BLOCK_CAPTURE_AUTORELEASING = YES;
				CLANG_WARN_BOOL_CONVERSION = YES;
				CLANG_WARN_COMMA = YES;
				CLANG_WARN_CONSTANT_CONVERSION = YES;
				CLANG_WARN_DEPRECATED_OBJC_IMPLEMENTATIONS = YES;
				CLANG_WARN_DIRECT_OBJC_ISA_USAGE = YES_ERROR;
				CLANG_WARN_DOCUMENTATION_COMMENTS = YES;
				CLANG_WARN_EMPTY_BODY = YES;
				CLANG_WARN_ENUM_CONVERSION = YES;
				CLANG_WARN_INFINITE_RECURSION = YES;
				CLANG_WARN_INT_CONVERSION = YES;
				CLANG_WARN_NON_LITERAL_NULL_CONVERSION = YES;
				CLANG_WARN_OBJC_IMPLICIT_RETAIN_SELF = YES;
				CLANG_WARN_OBJC_LITERAL_CONVERSION = YES;
				CLANG_WARN_OBJC_ROOT_CLASS = YES_ERROR;
				CLANG_WARN_RANGE_LOOP_ANALYSIS = YES;
				CLANG_WARN_STRICT_PROTOTYPES = YES;
				CLANG_WARN_SUSPICIOUS_MOVE = YES;
				CLANG_WARN_UNGUARDED_AVAILABILITY = YES_AGGRESSIVE;
				CLANG_WARN_UNREACHABLE_CODE = YES;
				CLANG_WARN__DUPLICATE_METHOD_MATCH = YES;
				CODE_SIGN_IDENTITY = "iPhone Developer";
				COPY_PHASE_STRIP = NO;
				DEBUG_INFORMATION_FORMAT = dwarf;
				ENABLE_STRICT_OBJC_MSGSEND = YES;
				ENABLE_TESTABILITY = YES;
				GCC_C_LANGUAGE_STANDARD = gnu11;
				GCC_DYNAMIC_NO_PIC = NO;
				GCC_NO_COMMON_BLOCKS = YES;
				GCC_OPTIMIZATION_LEVEL = 0;
				GCC_PREPROCESSOR_DEFINITIONS = (
					"DEBUG=1",
					"$(inherited)",
				);
				GCC_WARN_64_TO_32_BIT_CONVERSION = YES;
				GCC_WARN_ABOUT_RETURN_TYPE = YES_ERROR;
				GCC_WARN_UNDECLARED_SELECTOR = YES;
				GCC_WARN_UNINITIALIZED_AUTOS = YES_AGGRESSIVE;
				GCC_WARN_UNUSED_FUNCTION = YES;
				GCC_WARN_UNUSED_VARIABLE = YES;
				IPHONEOS_DEPLOYMENT_TARGET = 12.2;
				MTL_ENABLE_DEBUG_INFO = INCLUDE_SOURCE;
				MTL_FAST_MATH = YES;
				ONLY_ACTIVE_ARCH = YES;
				SDKROOT = iphoneos;
				SWIFT_ACTIVE_COMPILATION_CONDITIONS = DEBUG;
				SWIFT_OPTIMIZATION_LEVEL = "-Onone";
			};
			name = Debug;
		};
		927B6828227159B600382C6E /* Release */ = {
			isa = XCBuildConfiguration;
			buildSettings = {
				ALWAYS_SEARCH_USER_PATHS = NO;
				CLANG_ANALYZER_NONNULL = YES;
				CLANG_ANALYZER_NUMBER_OBJECT_CONVERSION = YES_AGGRESSIVE;
				CLANG_CXX_LANGUAGE_STANDARD = "gnu++14";
				CLANG_CXX_LIBRARY = "libc++";
				CLANG_ENABLE_MODULES = YES;
				CLANG_ENABLE_OBJC_ARC = YES;
				CLANG_ENABLE_OBJC_WEAK = YES;
				CLANG_WARN_BLOCK_CAPTURE_AUTORELEASING = YES;
				CLANG_WARN_BOOL_CONVERSION = YES;
				CLANG_WARN_COMMA = YES;
				CLANG_WARN_CONSTANT_CONVERSION = YES;
				CLANG_WARN_DEPRECATED_OBJC_IMPLEMENTATIONS = YES;
				CLANG_WARN_DIRECT_OBJC_ISA_USAGE = YES_ERROR;
				CLANG_WARN_DOCUMENTATION_COMMENTS = YES;
				CLANG_WARN_EMPTY_BODY = YES;
				CLANG_WARN_ENUM_CONVERSION = YES;
				CLANG_WARN_INFINITE_RECURSION = YES;
				CLANG_WARN_INT_CONVERSION = YES;
				CLANG_WARN_NON_LITERAL_NULL_CONVERSION = YES;
				CLANG_WARN_OBJC_IMPLICIT_RETAIN_SELF = YES;
				CLANG_WARN_OBJC_LITERAL_CONVERSION = YES;
				CLANG_WARN_OBJC_ROOT_CLASS = YES_ERROR;
				CLANG_WARN_RANGE_LOOP_ANALYSIS = YES;
				CLANG_WARN_STRICT_PROTOTYPES = YES;
				CLANG_WARN_SUSPICIOUS_MOVE = YES;
				CLANG_WARN_UNGUARDED_AVAILABILITY = YES_AGGRESSIVE;
				CLANG_WARN_UNREACHABLE_CODE = YES;
				CLANG_WARN__DUPLICATE_METHOD_MATCH = YES;
				CODE_SIGN_IDENTITY = "iPhone Developer";
				COPY_PHASE_STRIP = NO;
				DEBUG_INFORMATION_FORMAT = "dwarf-with-dsym";
				ENABLE_NS_ASSERTIONS = NO;
				ENABLE_STRICT_OBJC_MSGSEND = YES;
				GCC_C_LANGUAGE_STANDARD = gnu11;
				GCC_NO_COMMON_BLOCKS = YES;
				GCC_WARN_64_TO_32_BIT_CONVERSION = YES;
				GCC_WARN_ABOUT_RETURN_TYPE = YES_ERROR;
				GCC_WARN_UNDECLARED_SELECTOR = YES;
				GCC_WARN_UNINITIALIZED_AUTOS = YES_AGGRESSIVE;
				GCC_WARN_UNUSED_FUNCTION = YES;
				GCC_WARN_UNUSED_VARIABLE = YES;
				IPHONEOS_DEPLOYMENT_TARGET = 12.2;
				MTL_ENABLE_DEBUG_INFO = NO;
				MTL_FAST_MATH = YES;
				SDKROOT = iphoneos;
				SWIFT_COMPILATION_MODE = wholemodule;
				SWIFT_OPTIMIZATION_LEVEL = "-O";
				VALIDATE_PRODUCT = YES;
			};
			name = Release;
		};
		927B682A227159B600382C6E /* Debug */ = {
			isa = XCBuildConfiguration;
			buildSettings = {
				ASSETCATALOG_COMPILER_APPICON_NAME = AppIcon;
				CODE_SIGN_IDENTITY = "iPhone Developer";
				CODE_SIGN_STYLE = Automatic;
				DEVELOPMENT_TEAM = P2H6AWX9CU;
				INFOPLIST_FILE = Budgeat/Info.plist;
				LD_RUNPATH_SEARCH_PATHS = (
					"$(inherited)",
					"@executable_path/Frameworks",
				);
				PRODUCT_BUNDLE_IDENTIFIER = inx.Budgeat;
				PRODUCT_NAME = "$(TARGET_NAME)";
				PROVISIONING_PROFILE_SPECIFIER = "";
				SWIFT_VERSION = 5.0;
				TARGETED_DEVICE_FAMILY = "1,2";
			};
			name = Debug;
		};
		927B682B227159B600382C6E /* Release */ = {
			isa = XCBuildConfiguration;
			buildSettings = {
				ASSETCATALOG_COMPILER_APPICON_NAME = AppIcon;
				CODE_SIGN_IDENTITY = "iPhone Developer";
				CODE_SIGN_STYLE = Automatic;
				DEVELOPMENT_TEAM = P2H6AWX9CU;
				INFOPLIST_FILE = Budgeat/Info.plist;
				LD_RUNPATH_SEARCH_PATHS = (
					"$(inherited)",
					"@executable_path/Frameworks",
				);
				PRODUCT_BUNDLE_IDENTIFIER = inx.Budgeat;
				PRODUCT_NAME = "$(TARGET_NAME)";
				PROVISIONING_PROFILE_SPECIFIER = "";
				SWIFT_VERSION = 5.0;
				TARGETED_DEVICE_FAMILY = "1,2";
			};
			name = Release;
		};
		927B682D227159B600382C6E /* Debug */ = {
			isa = XCBuildConfiguration;
			buildSettings = {
				ALWAYS_EMBED_SWIFT_STANDARD_LIBRARIES = YES;
				BUNDLE_LOADER = "$(TEST_HOST)";
				CODE_SIGN_STYLE = Automatic;
				INFOPLIST_FILE = BudgeatTests/Info.plist;
				LD_RUNPATH_SEARCH_PATHS = (
					"$(inherited)",
					"@executable_path/Frameworks",
					"@loader_path/Frameworks",
				);
				PRODUCT_BUNDLE_IDENTIFIER = inx.BudgeatTests;
				PRODUCT_NAME = "$(TARGET_NAME)";
				SWIFT_VERSION = 5.0;
				TARGETED_DEVICE_FAMILY = "1,2";
				TEST_HOST = "$(BUILT_PRODUCTS_DIR)/Budgeat.app/Budgeat";
			};
			name = Debug;
		};
		927B682E227159B600382C6E /* Release */ = {
			isa = XCBuildConfiguration;
			buildSettings = {
				ALWAYS_EMBED_SWIFT_STANDARD_LIBRARIES = YES;
				BUNDLE_LOADER = "$(TEST_HOST)";
				CODE_SIGN_STYLE = Automatic;
				INFOPLIST_FILE = BudgeatTests/Info.plist;
				LD_RUNPATH_SEARCH_PATHS = (
					"$(inherited)",
					"@executable_path/Frameworks",
					"@loader_path/Frameworks",
				);
				PRODUCT_BUNDLE_IDENTIFIER = inx.BudgeatTests;
				PRODUCT_NAME = "$(TARGET_NAME)";
				SWIFT_VERSION = 5.0;
				TARGETED_DEVICE_FAMILY = "1,2";
				TEST_HOST = "$(BUILT_PRODUCTS_DIR)/Budgeat.app/Budgeat";
			};
			name = Release;
		};
		927B6830227159B600382C6E /* Debug */ = {
			isa = XCBuildConfiguration;
			buildSettings = {
				ALWAYS_EMBED_SWIFT_STANDARD_LIBRARIES = YES;
				CODE_SIGN_STYLE = Automatic;
				INFOPLIST_FILE = BudgeatUITests/Info.plist;
				LD_RUNPATH_SEARCH_PATHS = (
					"$(inherited)",
					"@executable_path/Frameworks",
					"@loader_path/Frameworks",
				);
				PRODUCT_BUNDLE_IDENTIFIER = inx.BudgeatUITests;
				PRODUCT_NAME = "$(TARGET_NAME)";
				SWIFT_VERSION = 5.0;
				TARGETED_DEVICE_FAMILY = "1,2";
				TEST_TARGET_NAME = Budgeat;
			};
			name = Debug;
		};
		927B6831227159B600382C6E /* Release */ = {
			isa = XCBuildConfiguration;
			buildSettings = {
				ALWAYS_EMBED_SWIFT_STANDARD_LIBRARIES = YES;
				CODE_SIGN_STYLE = Automatic;
				INFOPLIST_FILE = BudgeatUITests/Info.plist;
				LD_RUNPATH_SEARCH_PATHS = (
					"$(inherited)",
					"@executable_path/Frameworks",
					"@loader_path/Frameworks",
				);
				PRODUCT_BUNDLE_IDENTIFIER = inx.BudgeatUITests;
				PRODUCT_NAME = "$(TARGET_NAME)";
				SWIFT_VERSION = 5.0;
				TARGETED_DEVICE_FAMILY = "1,2";
				TEST_TARGET_NAME = Budgeat;
			};
			name = Release;
		};
/* End XCBuildConfiguration section */

/* Begin XCConfigurationList section */
		927B67FC227159B400382C6E /* Build configuration list for PBXProject "Budgeat" */ = {
			isa = XCConfigurationList;
			buildConfigurations = (
				927B6827227159B600382C6E /* Debug */,
				927B6828227159B600382C6E /* Release */,
			);
			defaultConfigurationIsVisible = 0;
			defaultConfigurationName = Release;
		};
		927B6829227159B600382C6E /* Build configuration list for PBXNativeTarget "Budgeat" */ = {
			isa = XCConfigurationList;
			buildConfigurations = (
				927B682A227159B600382C6E /* Debug */,
				927B682B227159B600382C6E /* Release */,
			);
			defaultConfigurationIsVisible = 0;
			defaultConfigurationName = Release;
		};
		927B682C227159B600382C6E /* Build configuration list for PBXNativeTarget "BudgeatTests" */ = {
			isa = XCConfigurationList;
			buildConfigurations = (
				927B682D227159B600382C6E /* Debug */,
				927B682E227159B600382C6E /* Release */,
			);
			defaultConfigurationIsVisible = 0;
			defaultConfigurationName = Release;
		};
		927B682F227159B600382C6E /* Build configuration list for PBXNativeTarget "BudgeatUITests" */ = {
			isa = XCConfigurationList;
			buildConfigurations = (
				927B6830227159B600382C6E /* Debug */,
				927B6831227159B600382C6E /* Release */,
			);
			defaultConfigurationIsVisible = 0;
			defaultConfigurationName = Release;
		};
/* End XCConfigurationList section */
	};
	rootObject = 927B67F9227159B400382C6E /* Project object */;
}
